github.com/RoXoR1412/dog v0.0.0-20241208202710-0d5ac507a14d h1:tnjwOK3zsQKRaK4cRtCev9zUiKluSzq5ul0BLFD2PvM=
github.com/RoXoR1412/dog v0.0.0-20241208202710-0d5ac507a14d/go.mod h1:ma0bhii3D96im4XJbb44iPWAR6BHDMg5RjnGnKjjPBY=
github.com/RoXoR1412/dog v0.0.0-20241208203323-5f5bb15a63ff h1:RUBq+UXuQb6Bi9yjcGLHY1QvPy/f2IrnTcqXkXecFFc=
github.com/RoXoR1412/dog v0.0.0-20241208203323-5f5bb15a63ff/go.mod h1:5sAlugMeYQ1sjtdP+q2PEC2BWb3lFVsUtwHvbYBebAA=
